
Microsoft Visual Studio Solution File, Format Version 12.00
# Visual Studio 2017
Project("{FAE04EC0-301F-11D3-BF4B-00C04F79EFBC}") = "TestVR", "TestVR.csproj", "{E26A45C4-FEA2-CF50-3A3E-3CE00AB330FE}"
EndProject
Project("{FAE04EC0-301F-11D3-BF4B-00C04F79EFBC}") = "TestVR.Editor", "TestVR.Editor.csproj", "{CC187835-C731-DF58-9506-038D7E692AC2}"
EndProject
Global
	GlobalSection(SolutionConfigurationPlatforms) = preSolution
		Debug|Any CPU = Debug|Any CPU
		Release|Any CPU = Release|Any CPU
	EndGlobalSection
	GlobalSection(ProjectConfigurationPlatforms) = postSolution
		{E26A45C4-FEA2-CF50-3A3E-3CE00AB330FE}.Debug|Any CPU.ActiveCfg = Debug|Any CPU
		{E26A45C4-FEA2-CF50-3A3E-3CE00AB330FE}.Debug|Any CPU.Build.0 = Debug|Any CPU
		{E26A45C4-FEA2-CF50-3A3E-3CE00AB330FE}.Release|Any CPU.ActiveCfg = Release|Any CPU
		{E26A45C4-FEA2-CF50-3A3E-3CE00AB330FE}.Release|Any CPU.Build.0 = Release|Any CPU
		{CC187835-C731-DF58-9506-038D7E692AC2}.Debug|Any CPU.ActiveCfg = Debug|Any CPU
		{CC187835-C731-DF58-9506-038D7E692AC2}.Debug|Any CPU.Build.0 = Debug|Any CPU
		{CC187835-C731-DF58-9506-038D7E692AC2}.Release|Any CPU.ActiveCfg = Release|Any CPU
		{CC187835-C731-DF58-9506-038D7E692AC2}.Release|Any CPU.Build.0 = Release|Any CPU
	EndGlobalSection
	GlobalSection(SolutionProperties) = preSolution
		HideSolutionNode = FALSE
	EndGlobalSection
EndGlobal
